{
  "version": 4,
  "terraform_version": "1.15.5",
  "serial": 14,
  "lineage": "cb7d87c3-f3cf-e30c-cd74-c6e42714690c",
  "outputs": {
    "cloudwatch_dashboard_url": {
      "value": "https://ap-southeast-2.console.aws.amazon.com/cloudwatch/home?region=ap-southeast-2#dashboards:name=eduvance-monitoring",
      "type": "string"
    },
    "iam_user_name": {
      "value": "github-actions-eduvance",
      "type": "string"
    },
    "latency_alarm": {
      "value": "eduvance-high-latency",
      "type": "string"
    },
    "server_error_alarm": {
      "value": "eduvance-5xx-errors",
      "type": "string"
    },
    "sns_topic_arn": {
      "value": "arn:aws:sns:ap-southeast-2:834996124248:eduvance-alerts",
      "type": "string"
    }
  },
  "resources": [
    {
      "mode": "managed",
      "type": "aws_cloudwatch_dashboard",
      "name": "main",
      "provider": "provider[\"registry.terraform.io/hashicorp/aws\"]",
      "instances": [
        {
          "schema_version": 0,
          "attributes": {
            "dashboard_arn": "arn:aws:cloudwatch::834996124248:dashboard/eduvance-monitoring",
            "dashboard_body": "{\"widgets\":[{\"height\":6,\"properties\":{\"metrics\":[[\"AWS/AmplifyHosting\",\"Requests\",\"App\",\"dc7hjd4bn6ptw\"],[\"AWS/AmplifyHosting\",\"4xxErrors\",\"App\",\"dc7hjd4bn6ptw\"],[\"AWS/AmplifyHosting\",\"5xxErrors\",\"App\",\"dc7hjd4bn6ptw\"]],\"period\":300,\"region\":\"ap-southeast-2\",\"stat\":\"Sum\",\"title\":\"EduVance — Requests \u0026 Errors\",\"view\":\"timeSeries\"},\"type\":\"metric\",\"width\":12,\"x\":0,\"y\":0},{\"height\":6,\"properties\":{\"metrics\":[[\"AWS/AmplifyHosting\",\"Latency\",\"App\",\"dc7hjd4bn6ptw\"]],\"period\":300,\"region\":\"ap-southeast-2\",\"stat\":\"Average\",\"title\":\"EduVance — Latency\",\"view\":\"timeSeries\"},\"type\":\"metric\",\"width\":12,\"x\":12,\"y\":0}]}",
            "dashboard_name": "eduvance-monitoring",
            "id": "eduvance-monitoring"
          },
          "sensitive_attributes": [],
          "identity_schema_version": 0,
          "private": "bnVsbA=="
        }
      ]
    },
    {
      "mode": "managed",
      "type": "aws_cloudwatch_metric_alarm",
      "name": "client_errors",
      "provider": "provider[\"registry.terraform.io/hashicorp/aws\"]",
      "instances": [
        {
          "schema_version": 1,
          "attributes": {
            "actions_enabled": true,
            "alarm_actions": [
              "arn:aws:sns:ap-southeast-2:834996124248:eduvance-alerts"
            ],
            "alarm_description": "Alerts when EduVance returns 10 or more client errors in 5 minutes",
            "alarm_name": "eduvance-4xx-errors",
            "arn": "arn:aws:cloudwatch:ap-southeast-2:834996124248:alarm:eduvance-4xx-errors",
            "comparison_operator": "GreaterThanOrEqualToThreshold",
            "datapoints_to_alarm": 0,
            "dimensions": {
              "App": "dc7hjd4bn6ptw"
            },
            "evaluate_low_sample_count_percentiles": "",
            "evaluation_periods": 1,
            "extended_statistic": "",
            "id": "eduvance-4xx-errors",
            "insufficient_data_actions": null,
            "metric_name": "4xxErrors",
            "metric_query": [],
            "namespace": "AWS/AmplifyHosting",
            "ok_actions": null,
            "period": 300,
            "statistic": "Sum",
            "tags": {
              "Environment": "production",
              "ManagedBy": "Terraform",
              "Project": "eduvance"
            },
            "tags_all": {
              "Environment": "production",
              "ManagedBy": "Terraform",
              "Project": "eduvance"
            },
            "threshold": 10,
            "threshold_metric_id": "",
            "treat_missing_data": "notBreaching",
            "unit": ""
          },
          "sensitive_attributes": [],
          "identity_schema_version": 0,
          "private": "eyJzY2hlbWFfdmVyc2lvbiI6IjEifQ==",
          "dependencies": [
            "aws_sns_topic.alerts"
          ]
        }
      ]
    },
    {
      "mode": "managed",
      "type": "aws_cloudwatch_metric_alarm",
      "name": "high_latency",
      "provider": "provider[\"registry.terraform.io/hashicorp/aws\"]",
      "instances": [
        {
          "schema_version": 1,
          "attributes": {
            "actions_enabled": true,
            "alarm_actions": [
              "arn:aws:sns:ap-southeast-2:834996124248:eduvance-alerts"
            ],
            "alarm_description": "Alerts when EduVance load time exceeds 5 seconds",
            "alarm_name": "eduvance-high-latency",
            "arn": "arn:aws:cloudwatch:ap-southeast-2:834996124248:alarm:eduvance-high-latency",
            "comparison_operator": "GreaterThanOrEqualToThreshold",
            "datapoints_to_alarm": 0,
            "dimensions": {
              "App": "dc7hjd4bn6ptw"
            },
            "evaluate_low_sample_count_percentiles": "",
            "evaluation_periods": 1,
            "extended_statistic": "",
            "id": "eduvance-high-latency",
            "insufficient_data_actions": null,
            "metric_name": "Latency",
            "metric_query": [],
            "namespace": "AWS/AmplifyHosting",
            "ok_actions": null,
            "period": 300,
            "statistic": "Average",
            "tags": {
              "Environment": "production",
              "ManagedBy": "Terraform",
              "Project": "eduvance"
            },
            "tags_all": {
              "Environment": "production",
              "ManagedBy": "Terraform",
              "Project": "eduvance"
            },
            "threshold": 5000,
            "threshold_metric_id": "",
            "treat_missing_data": "notBreaching",
            "unit": ""
          },
          "sensitive_attributes": [],
          "identity_schema_version": 0,
          "private": "eyJzY2hlbWFfdmVyc2lvbiI6IjEifQ==",
          "dependencies": [
            "aws_sns_topic.alerts"
          ]
        }
      ]
    },
    {
      "mode": "managed",
      "type": "aws_cloudwatch_metric_alarm",
      "name": "server_errors",
      "provider": "provider[\"registry.terraform.io/hashicorp/aws\"]",
      "instances": [
        {
          "schema_version": 1,
          "attributes": {
            "actions_enabled": true,
            "alarm_actions": [
              "arn:aws:sns:ap-southeast-2:834996124248:eduvance-alerts"
            ],
            "alarm_description": "Alerts when EduVance returns 5 or more server errors in 5 minutes",
            "alarm_name": "eduvance-5xx-errors",
            "arn": "arn:aws:cloudwatch:ap-southeast-2:834996124248:alarm:eduvance-5xx-errors",
            "comparison_operator": "GreaterThanOrEqualToThreshold",
            "datapoints_to_alarm": 0,
            "dimensions": {
              "App": "dc7hjd4bn6ptw"
            },
            "evaluate_low_sample_count_percentiles": "",
            "evaluation_periods": 1,
            "extended_statistic": "",
            "id": "eduvance-5xx-errors",
            "insufficient_data_actions": null,
            "metric_name": "5xxErrors",
            "metric_query": [],
            "namespace": "AWS/AmplifyHosting",
            "ok_actions": [
              "arn:aws:sns:ap-southeast-2:834996124248:eduvance-alerts"
            ],
            "period": 300,
            "statistic": "Sum",
            "tags": {
              "Environment": "production",
              "ManagedBy": "Terraform",
              "Project": "eduvance"
            },
            "tags_all": {
              "Environment": "production",
              "ManagedBy": "Terraform",
              "Project": "eduvance"
            },
            "threshold": 5,
            "threshold_metric_id": "",
            "treat_missing_data": "notBreaching",
            "unit": ""
          },
          "sensitive_attributes": [],
          "identity_schema_version": 0,
          "private": "eyJzY2hlbWFfdmVyc2lvbiI6IjEifQ==",
          "dependencies": [
            "aws_sns_topic.alerts"
          ]
        }
      ]
    },
    {
      "mode": "managed",
      "type": "aws_iam_user",
      "name": "github_actions",
      "provider": "provider[\"registry.terraform.io/hashicorp/aws\"]",
      "instances": [
        {
          "schema_version": 0,
          "attributes": {
            "arn": "arn:aws:iam::834996124248:user/github-actions-eduvance",
            "force_destroy": false,
            "id": "github-actions-eduvance",
            "name": "github-actions-eduvance",
            "path": "/",
            "permissions_boundary": "",
            "tags": {
              "Environment": "production",
              "ManagedBy": "Terraform",
              "Project": "eduvance"
            },
            "tags_all": {
              "Environment": "production",
              "ManagedBy": "Terraform",
              "Project": "eduvance"
            },
            "unique_id": "AIDA4E2NFXJMFJN4BLWRV"
          },
          "sensitive_attributes": [],
          "identity_schema_version": 0,
          "private": "bnVsbA=="
        }
      ]
    },
    {
      "mode": "managed",
      "type": "aws_iam_user_policy_attachment",
      "name": "amplify_access",
      "provider": "provider[\"registry.terraform.io/hashicorp/aws\"]",
      "instances": [
        {
          "schema_version": 0,
          "attributes": {
            "id": "github-actions-eduvance-20260528224949502500000001",
            "policy_arn": "arn:aws:iam::aws:policy/AdministratorAccess-Amplify",
            "user": "github-actions-eduvance"
          },
          "sensitive_attributes": [],
          "identity_schema_version": 0,
          "private": "bnVsbA==",
          "dependencies": [
            "aws_iam_user.github_actions"
          ]
        }
      ]
    },
    {
      "mode": "managed",
      "type": "aws_sns_topic",
      "name": "alerts",
      "provider": "provider[\"registry.terraform.io/hashicorp/aws\"]",
      "instances": [
        {
          "schema_version": 0,
          "attributes": {
            "application_failure_feedback_role_arn": "",
            "application_success_feedback_role_arn": "",
            "application_success_feedback_sample_rate": 0,
            "archive_policy": "",
            "arn": "arn:aws:sns:ap-southeast-2:834996124248:eduvance-alerts",
            "beginning_archive_time": "",
            "content_based_deduplication": false,
            "delivery_policy": "",
            "display_name": "",
            "fifo_throughput_scope": "",
            "fifo_topic": false,
            "firehose_failure_feedback_role_arn": "",
            "firehose_success_feedback_role_arn": "",
            "firehose_success_feedback_sample_rate": 0,
            "http_failure_feedback_role_arn": "",
            "http_success_feedback_role_arn": "",
            "http_success_feedback_sample_rate": 0,
            "id": "arn:aws:sns:ap-southeast-2:834996124248:eduvance-alerts",
            "kms_master_key_id": "",
            "lambda_failure_feedback_role_arn": "",
            "lambda_success_feedback_role_arn": "",
            "lambda_success_feedback_sample_rate": 0,
            "name": "eduvance-alerts",
            "name_prefix": "",
            "owner": "834996124248",
            "policy": "{\"Id\":\"__default_policy_ID\",\"Statement\":[{\"Action\":[\"SNS:GetTopicAttributes\",\"SNS:SetTopicAttributes\",\"SNS:AddPermission\",\"SNS:RemovePermission\",\"SNS:DeleteTopic\",\"SNS:Subscribe\",\"SNS:ListSubscriptionsByTopic\",\"SNS:Publish\"],\"Condition\":{\"StringEquals\":{\"AWS:SourceOwner\":\"834996124248\"}},\"Effect\":\"Allow\",\"Principal\":{\"AWS\":\"*\"},\"Resource\":\"arn:aws:sns:ap-southeast-2:834996124248:eduvance-alerts\",\"Sid\":\"__default_statement_ID\"}],\"Version\":\"2008-10-17\"}",
            "signature_version": 0,
            "sqs_failure_feedback_role_arn": "",
            "sqs_success_feedback_role_arn": "",
            "sqs_success_feedback_sample_rate": 0,
            "tags": {},
            "tags_all": {},
            "tracing_config": "PassThrough"
          },
          "sensitive_attributes": [],
          "identity_schema_version": 0,
          "private": "eyJzY2hlbWFfdmVyc2lvbiI6IjAifQ=="
        }
      ]
    },
    {
      "mode": "managed",
      "type": "aws_sns_topic_subscription",
      "name": "email_alert",
      "provider": "provider[\"registry.terraform.io/hashicorp/aws\"]",
      "instances": [
        {
          "schema_version": 0,
          "attributes": {
            "arn": "arn:aws:sns:ap-southeast-2:834996124248:eduvance-alerts:a8bb69f4-210c-4bc7-8377-fa17faad7f67",
            "confirmation_timeout_in_minutes": 1,
            "confirmation_was_authenticated": false,
            "delivery_policy": "",
            "endpoint": "jannani2007vibes@gmail.com",
            "endpoint_auto_confirms": false,
            "filter_policy": "",
            "filter_policy_scope": "",
            "id": "arn:aws:sns:ap-southeast-2:834996124248:eduvance-alerts:a8bb69f4-210c-4bc7-8377-fa17faad7f67",
            "owner_id": "834996124248",
            "pending_confirmation": false,
            "protocol": "email",
            "raw_message_delivery": false,
            "redrive_policy": "",
            "replay_policy": "",
            "subscription_role_arn": "",
            "topic_arn": "arn:aws:sns:ap-southeast-2:834996124248:eduvance-alerts"
          },
          "sensitive_attributes": [],
          "identity_schema_version": 0,
          "private": "bnVsbA==",
          "dependencies": [
            "aws_sns_topic.alerts"
          ]
        }
      ]
    }
  ],
  "check_results": null
}
