{
  "version": 4,
  "terraform_version": "1.15.5",
  "serial": 6,
  "lineage": "cb7d87c3-f3cf-e30c-cd74-c6e42714690c",
  "outputs": {
    "cloudwatch_dashboard_url": {
      "value": "https://ap-southeast-2.console.aws.amazon.com/cloudwatch/home?region=ap-southeast-2#dashboards:name=eduvance-monitoring",
      "type": "string"
    },
    "iam_user_name": {
      "value": "github-actions-eduvance",
      "type": "string"
    },
    "latency_alarm": {
      "value": null,
      "type": "string"
    },
    "server_error_alarm": {
      "value": null,
      "type": "string"
    },
    "sns_topic_arn": {
      "value": "arn:aws:sns:ap-southeast-2:834996124248:eduvance-alerts",
      "type": "string"
    }
  },
  "resources": [
    {
      "mode": "managed",
      "type": "aws_iam_user",
      "name": "github_actions",
      "provider": "provider[\"registry.terraform.io/hashicorp/aws\"]",
      "instances": [
        {
          "schema_version": 0,
          "attributes": {
            "arn": "arn:aws:iam::834996124248:user/github-actions-eduvance",
            "force_destroy": null,
            "id": "github-actions-eduvance",
            "name": "github-actions-eduvance",
            "path": "/",
            "permissions_boundary": "",
            "tags": {
              "AKIA4E2NFXJMPAXE6H6Z": "GitHub Actions deployment key for EduVance Academy Amplify CI/CD pipeline"
            },
            "tags_all": {
              "AKIA4E2NFXJMPAXE6H6Z": "GitHub Actions deployment key for EduVance Academy Amplify CI/CD pipeline"
            },
            "unique_id": "AIDA4E2NFXJMFJN4BLWRV"
          },
          "sensitive_attributes": [],
          "identity_schema_version": 0,
          "private": "eyJzY2hlbWFfdmVyc2lvbiI6IjAifQ=="
        }
      ]
    },
    {
      "mode": "managed",
      "type": "aws_sns_topic",
      "name": "alerts",
      "provider": "provider[\"registry.terraform.io/hashicorp/aws\"]",
      "instances": [
        {
          "schema_version": 0,
          "attributes": {
            "application_failure_feedback_role_arn": "",
            "application_success_feedback_role_arn": "",
            "application_success_feedback_sample_rate": 0,
            "archive_policy": "",
            "arn": "arn:aws:sns:ap-southeast-2:834996124248:eduvance-alerts",
            "beginning_archive_time": "",
            "content_based_deduplication": false,
            "delivery_policy": "",
            "display_name": "",
            "fifo_throughput_scope": "",
            "fifo_topic": false,
            "firehose_failure_feedback_role_arn": "",
            "firehose_success_feedback_role_arn": "",
            "firehose_success_feedback_sample_rate": 0,
            "http_failure_feedback_role_arn": "",
            "http_success_feedback_role_arn": "",
            "http_success_feedback_sample_rate": 0,
            "id": "arn:aws:sns:ap-southeast-2:834996124248:eduvance-alerts",
            "kms_master_key_id": "",
            "lambda_failure_feedback_role_arn": "",
            "lambda_success_feedback_role_arn": "",
            "lambda_success_feedback_sample_rate": 0,
            "name": "eduvance-alerts",
            "name_prefix": "",
            "owner": "834996124248",
            "policy": "{\"Id\":\"__default_policy_ID\",\"Statement\":[{\"Action\":[\"SNS:GetTopicAttributes\",\"SNS:SetTopicAttributes\",\"SNS:AddPermission\",\"SNS:RemovePermission\",\"SNS:DeleteTopic\",\"SNS:Subscribe\",\"SNS:ListSubscriptionsByTopic\",\"SNS:Publish\"],\"Condition\":{\"StringEquals\":{\"AWS:SourceOwner\":\"834996124248\"}},\"Effect\":\"Allow\",\"Principal\":{\"AWS\":\"*\"},\"Resource\":\"arn:aws:sns:ap-southeast-2:834996124248:eduvance-alerts\",\"Sid\":\"__default_statement_ID\"}],\"Version\":\"2008-10-17\"}",
            "signature_version": 0,
            "sqs_failure_feedback_role_arn": "",
            "sqs_success_feedback_role_arn": "",
            "sqs_success_feedback_sample_rate": 0,
            "tags": {},
            "tags_all": {},
            "tracing_config": "PassThrough"
          },
          "sensitive_attributes": [],
          "identity_schema_version": 0,
          "private": "eyJzY2hlbWFfdmVyc2lvbiI6IjAifQ=="
        }
      ]
    }
  ],
  "check_results": null
}
